{
  "name": "planda-libraries",
  "version": "1.0.0",
  "lockfileVersion": 3,
  "requires": true,
  "packages": {
    "": {
      "name": "planda-libraries",
      "version": "1.0.0",
      "license": "ISC",
      "dependencies": {
        "@macaron-css/core": "^1.2.0",
        "@macaron-css/react": "^1.4.0"
      },
      "workspaces": {
        "packages": [
          "packages/*",
          "sites/*"
        ]
      }
    },
    "node_modules/@babel/runtime": {
      "version": "7.22.10",
      "resolved": "https://registry.npmjs.org/@babel/runtime/-/runtime-7.22.10.tgz",
      "integrity": "sha512-21t/fkKLMZI4pqP2wlmsQAWnYW1PDyKyyUV4vCi+B25ydmdaYTKXPwCj0BzSUnZf4seIiYvSA3jcZ3gdsMFkLQ==",
      "dependencies": {
        "regenerator-runtime": "^0.14.0"
      },
      "engines": {
        "node": ">=6.9.0"
      }
    },
    "node_modules/@emotion/hash": {
      "version": "0.9.1",
      "resolved": "https://registry.npmjs.org/@emotion/hash/-/hash-0.9.1.tgz",
      "integrity": "sha512-gJB6HLm5rYwSLI6PQa+X1t5CFGrv1J1TWG+sOyMCeKz2ojaj6Fnl/rZEspogG+cvqbt4AE/2eIyD2QfLKTBNlQ=="
    },
    "node_modules/@macaron-css/core": {
      "version": "1.2.0",
      "resolved": "https://registry.npmjs.org/@macaron-css/core/-/core-1.2.0.tgz",
      "integrity": "sha512-SIyibI+Aw5fMI17PGK+9U0sfC5/+KBGjVAdLU8RzOEkA97HXf4QuqBlRfonUQrplLaVFHSilFkKrreFoUHsH2w==",
      "dependencies": {
        "@vanilla-extract/css": "^1.7.1",
        "@vanilla-extract/dynamic": "^2.0.3",
        "@vanilla-extract/recipes": "^0.2.5"
      }
    },
    "node_modules/@macaron-css/react": {
      "version": "1.4.0",
      "resolved": "https://registry.npmjs.org/@macaron-css/react/-/react-1.4.0.tgz",
      "integrity": "sha512-gf2kZzWr1yz6QQgqqnt+6jKwb0Dtrj5PF7oNRL0i5kOKyjh0rjg2/S/DYqT14G1rhKFB4XN8Fuk7YuxwfIaO0Q==",
      "peerDependencies": {
        "@vanilla-extract/recipes": "^0.2.5",
        "react": ">=17",
        "react-dom": ">=17"
      }
    },
    "node_modules/@vanilla-extract/css": {
      "version": "1.12.0",
      "resolved": "https://registry.npmjs.org/@vanilla-extract/css/-/css-1.12.0.tgz",
      "integrity": "sha512-TEttZfnqTRtwgVYiBWQSGGUiVaYWReHp59DsavITEvh4TpJNifZFGhBznHx4wQFEsyio6xA513jps4tmqR6zmw==",
      "dependencies": {
        "@emotion/hash": "^0.9.0",
        "@vanilla-extract/private": "^1.0.3",
        "ahocorasick": "1.0.2",
        "chalk": "^4.1.1",
        "css-what": "^6.1.0",
        "cssesc": "^3.0.0",
        "csstype": "^3.0.7",
        "deep-object-diff": "^1.1.9",
        "deepmerge": "^4.2.2",
        "media-query-parser": "^2.0.2",
        "outdent": "^0.8.0"
      }
    },
    "node_modules/@vanilla-extract/dynamic": {
      "version": "2.0.3",
      "resolved": "https://registry.npmjs.org/@vanilla-extract/dynamic/-/dynamic-2.0.3.tgz",
      "integrity": "sha512-Rglfw2gXAYiBzAQ4jgUG7rBgE2c88e/zcG27ZVoIqMHVq56wf2C1katGMm1yFMNBgzqM7oBNYzz4YOMzznydkg==",
      "dependencies": {
        "@vanilla-extract/private": "^1.0.3"
      }
    },
    "node_modules/@vanilla-extract/private": {
      "version": "1.0.3",
      "resolved": "https://registry.npmjs.org/@vanilla-extract/private/-/private-1.0.3.tgz",
      "integrity": "sha512-17kVyLq3ePTKOkveHxXuIJZtGYs+cSoev7BlP+Lf4916qfDhk/HBjvlYDe8egrea7LNPHKwSZJK/bzZC+Q6AwQ=="
    },
    "node_modules/@vanilla-extract/recipes": {
      "version": "0.2.5",
      "resolved": "https://registry.npmjs.org/@vanilla-extract/recipes/-/recipes-0.2.5.tgz",
      "integrity": "sha512-OWXUUiFJdswD3+Xg8f8avuw/vAHZRFS4oHqFeoV1TcO8cfbDQ0zmkreBHvyspoJU+qsyWK48yPHKSptqNRPy9Q==",
      "peerDependencies": {
        "@vanilla-extract/css": "^1.0.0"
      }
    },
    "node_modules/ahocorasick": {
      "version": "1.0.2",
      "resolved": "https://registry.npmjs.org/ahocorasick/-/ahocorasick-1.0.2.tgz",
      "integrity": "sha512-hCOfMzbFx5IDutmWLAt6MZwOUjIfSM9G9FyVxytmE4Rs/5YDPWQrD/+IR1w+FweD9H2oOZEnv36TmkjhNURBVA=="
    },
    "node_modules/ansi-styles": {
      "version": "4.3.0",
      "resolved": "https://registry.npmjs.org/ansi-styles/-/ansi-styles-4.3.0.tgz",
      "integrity": "sha512-zbB9rCJAT1rbjiVDb2hqKFHNYLxgtk8NURxZ3IZwD3F6NtxbXZQCnnSi1Lkx+IDohdPlFp222wVALIheZJQSEg==",
      "dependencies": {
        "color-convert": "^2.0.1"
      },
      "engines": {
        "node": ">=8"
      },
      "funding": {
        "url": "https://github.com/chalk/ansi-styles?sponsor=1"
      }
    },
    "node_modules/chalk": {
      "version": "4.1.2",
      "resolved": "https://registry.npmjs.org/chalk/-/chalk-4.1.2.tgz",
      "integrity": "sha512-oKnbhFyRIXpUuez8iBMmyEa4nbj4IOQyuhc/wy9kY7/WVPcwIO9VA668Pu8RkO7+0G76SLROeyw9CpQ061i4mA==",
      "dependencies": {
        "ansi-styles": "^4.1.0",
        "supports-color": "^7.1.0"
      },
      "engines": {
        "node": ">=10"
      },
      "funding": {
        "url": "https://github.com/chalk/chalk?sponsor=1"
      }
    },
    "node_modules/color-convert": {
      "version": "2.0.1",
      "resolved": "https://registry.npmjs.org/color-convert/-/color-convert-2.0.1.tgz",
      "integrity": "sha512-RRECPsj7iu/xb5oKYcsFHSppFNnsj/52OVTRKb4zP5onXwVF3zVmmToNcOfGC+CRDpfK/U584fMg38ZHCaElKQ==",
      "dependencies": {
        "color-name": "~1.1.4"
      },
      "engines": {
        "node": ">=7.0.0"
      }
    },
    "node_modules/color-name": {
      "version": "1.1.4",
      "resolved": "https://registry.npmjs.org/color-name/-/color-name-1.1.4.tgz",
      "integrity": "sha512-dOy+3AuW3a2wNbZHIuMZpTcgjGuLU/uBL/ubcZF9OXbDo8ff4O8yVp5Bf0efS8uEoYo5q4Fx7dY9OgQGXgAsQA=="
    },
    "node_modules/css-what": {
      "version": "6.1.0",
      "resolved": "https://registry.npmjs.org/css-what/-/css-what-6.1.0.tgz",
      "integrity": "sha512-HTUrgRJ7r4dsZKU6GjmpfRK1O76h97Z8MfS1G0FozR+oF2kG6Vfe8JE6zwrkbxigziPHinCJ+gCPjA9EaBDtRw==",
      "engines": {
        "node": ">= 6"
      },
      "funding": {
        "url": "https://github.com/sponsors/fb55"
      }
    },
    "node_modules/cssesc": {
      "version": "3.0.0",
      "resolved": "https://registry.npmjs.org/cssesc/-/cssesc-3.0.0.tgz",
      "integrity": "sha512-/Tb/JcjK111nNScGob5MNtsntNM1aCNUDipB/TkwZFhyDrrE47SOx/18wF2bbjgc3ZzCSKW1T5nt5EbFoAz/Vg==",
      "bin": {
        "cssesc": "bin/cssesc"
      },
      "engines": {
        "node": ">=4"
      }
    },
    "node_modules/csstype": {
      "version": "3.1.2",
      "resolved": "https://registry.npmjs.org/csstype/-/csstype-3.1.2.tgz",
      "integrity": "sha512-I7K1Uu0MBPzaFKg4nI5Q7Vs2t+3gWWW648spaF+Rg7pI9ds18Ugn+lvg4SHczUdKlHI5LWBXyqfS8+DufyBsgQ=="
    },
    "node_modules/deep-object-diff": {
      "version": "1.1.9",
      "resolved": "https://registry.npmjs.org/deep-object-diff/-/deep-object-diff-1.1.9.tgz",
      "integrity": "sha512-Rn+RuwkmkDwCi2/oXOFS9Gsr5lJZu/yTGpK7wAaAIE75CC+LCGEZHpY6VQJa/RoJcrmaA/docWJZvYohlNkWPA=="
    },
    "node_modules/deepmerge": {
      "version": "4.3.1",
      "resolved": "https://registry.npmjs.org/deepmerge/-/deepmerge-4.3.1.tgz",
      "integrity": "sha512-3sUqbMEc77XqpdNO7FRyRog+eW3ph+GYCbj+rK+uYyRMuwsVy0rMiVtPn+QJlKFvWP/1PYpapqYn0Me2knFn+A==",
      "engines": {
        "node": ">=0.10.0"
      }
    },
    "node_modules/has-flag": {
      "version": "4.0.0",
      "resolved": "https://registry.npmjs.org/has-flag/-/has-flag-4.0.0.tgz",
      "integrity": "sha512-EykJT/Q1KjTWctppgIAgfSO0tKVuZUjhgMr17kqTumMl6Afv3EISleU7qZUzoXDFTAHTDC4NOoG/ZxU3EvlMPQ==",
      "engines": {
        "node": ">=8"
      }
    },
    "node_modules/js-tokens": {
      "version": "4.0.0",
      "resolved": "https://registry.npmjs.org/js-tokens/-/js-tokens-4.0.0.tgz",
      "integrity": "sha512-RdJUflcE3cUzKiMqQgsCu06FPu9UdIJO0beYbPhHN4k6apgJtifcoCtT9bcxOpYBtpD2kCM6Sbzg4CausW/PKQ==",
      "peer": true
    },
    "node_modules/loose-envify": {
      "version": "1.4.0",
      "resolved": "https://registry.npmjs.org/loose-envify/-/loose-envify-1.4.0.tgz",
      "integrity": "sha512-lyuxPGr/Wfhrlem2CL/UcnUc1zcqKAImBDzukY7Y5F/yQiNdko6+fRLevlw1HgMySw7f611UIY408EtxRSoK3Q==",
      "peer": true,
      "dependencies": {
        "js-tokens": "^3.0.0 || ^4.0.0"
      },
      "bin": {
        "loose-envify": "cli.js"
      }
    },
    "node_modules/media-query-parser": {
      "version": "2.0.2",
      "resolved": "https://registry.npmjs.org/media-query-parser/-/media-query-parser-2.0.2.tgz",
      "integrity": "sha512-1N4qp+jE0pL5Xv4uEcwVUhIkwdUO3S/9gML90nqKA7v7FcOS5vUtatfzok9S9U1EJU8dHWlcv95WLnKmmxZI9w==",
      "dependencies": {
        "@babel/runtime": "^7.12.5"
      }
    },
    "node_modules/outdent": {
      "version": "0.8.0",
      "resolved": "https://registry.npmjs.org/outdent/-/outdent-0.8.0.tgz",
      "integrity": "sha512-KiOAIsdpUTcAXuykya5fnVVT+/5uS0Q1mrkRHcF89tpieSmY33O/tmc54CqwA+bfhbtEfZUNLHaPUiB9X3jt1A=="
    },
    "node_modules/react": {
      "version": "18.2.0",
      "resolved": "https://registry.npmjs.org/react/-/react-18.2.0.tgz",
      "integrity": "sha512-/3IjMdb2L9QbBdWiW5e3P2/npwMBaU9mHCSCUzNln0ZCYbcfTsGbTJrU/kGemdH2IWmB2ioZ+zkxtmq6g09fGQ==",
      "peer": true,
      "dependencies": {
        "loose-envify": "^1.1.0"
      },
      "engines": {
        "node": ">=0.10.0"
      }
    },
    "node_modules/react-dom": {
      "version": "18.2.0",
      "resolved": "https://registry.npmjs.org/react-dom/-/react-dom-18.2.0.tgz",
      "integrity": "sha512-6IMTriUmvsjHUjNtEDudZfuDQUoWXVxKHhlEGSk81n4YFS+r/Kl99wXiwlVXtPBtJenozv2P+hxDsw9eA7Xo6g==",
      "peer": true,
      "dependencies": {
        "loose-envify": "^1.1.0",
        "scheduler": "^0.23.0"
      },
      "peerDependencies": {
        "react": "^18.2.0"
      }
    },
    "node_modules/regenerator-runtime": {
      "version": "0.14.0",
      "resolved": "https://registry.npmjs.org/regenerator-runtime/-/regenerator-runtime-0.14.0.tgz",
      "integrity": "sha512-srw17NI0TUWHuGa5CFGGmhfNIeja30WMBfbslPNhf6JrqQlLN5gcrvig1oqPxiVaXb0oW0XRKtH6Nngs5lKCIA=="
    },
    "node_modules/scheduler": {
      "version": "0.23.0",
      "resolved": "https://registry.npmjs.org/scheduler/-/scheduler-0.23.0.tgz",
      "integrity": "sha512-CtuThmgHNg7zIZWAXi3AsyIzA3n4xx7aNyjwC2VJldO2LMVDhFK+63xGqq6CsJH4rTAt6/M+N4GhZiDYPx9eUw==",
      "peer": true,
      "dependencies": {
        "loose-envify": "^1.1.0"
      }
    },
    "node_modules/supports-color": {
      "version": "7.2.0",
      "resolved": "https://registry.npmjs.org/supports-color/-/supports-color-7.2.0.tgz",
      "integrity": "sha512-qpCAvRl9stuOHveKsn7HncJRvv501qIacKzQlO/+Lwxc9+0q2wLyv4Dfvt80/DPn2pqOBsJdDiogXGR9+OvwRw==",
      "dependencies": {
        "has-flag": "^4.0.0"
      },
      "engines": {
        "node": ">=8"
      }
    }
  }
}
